
Microsoft Visual Studio Solution File, Format Version 12.00
# Visual Studio Version 17
VisualStudioVersion = 17.9.34723.18
MinimumVisualStudioVersion = 10.0.40219.1
Project("{9A19103F-16F7-4668-BE54-9A1E7A4F7556}") = "THDotNetPractice.SignalR", "THDotNetPractice.SignalR\THDotNetPractice.SignalR.csproj", "{6D4DBF20-696D-44FA-9FFF-B1F25110925E}"
EndProject
Project("{2150E333-8FDC-42A3-9474-1A3956D46DE8}") = "DOCUMENT", "DOCUMENT", "{993544D2-0C04-496F-8031-829D4CD00F70}"
	ProjectSection(SolutionItems) = preProject
		README.md = README.md
	EndProjectSection
EndProject
Project("{9A19103F-16F7-4668-BE54-9A1E7A4F7556}") = "THDotNetPractice.DapperCRUDExample", "THDotNetPractice.DapperCRUDExample\THDotNetPractice.DapperCRUDExample.csproj", "{AEA63D1E-DEAE-451B-AFCF-665B931A17BB}"
EndProject
Project("{FAE04EC0-301F-11D3-BF4B-00C04F79EFBC}") = "THDotNetPractice.ConsoleApp", "THDotNetPractice.ConsoleApp\THDotNetPractice.ConsoleApp.csproj", "{7A5E36F8-044F-4675-BAB6-DA8B3A2C236B}"
EndProject
Global
	GlobalSection(SolutionConfigurationPlatforms) = preSolution
		Debug|Any CPU = Debug|Any CPU
		Release|Any CPU = Release|Any CPU
	EndGlobalSection
	GlobalSection(ProjectConfigurationPlatforms) = postSolution
		{6D4DBF20-696D-44FA-9FFF-B1F25110925E}.Debug|Any CPU.ActiveCfg = Debug|Any CPU
		{6D4DBF20-696D-44FA-9FFF-B1F25110925E}.Debug|Any CPU.Build.0 = Debug|Any CPU
		{6D4DBF20-696D-44FA-9FFF-B1F25110925E}.Release|Any CPU.ActiveCfg = Release|Any CPU
		{6D4DBF20-696D-44FA-9FFF-B1F25110925E}.Release|Any CPU.Build.0 = Release|Any CPU
		{AEA63D1E-DEAE-451B-AFCF-665B931A17BB}.Debug|Any CPU.ActiveCfg = Debug|Any CPU
		{AEA63D1E-DEAE-451B-AFCF-665B931A17BB}.Debug|Any CPU.Build.0 = Debug|Any CPU
		{AEA63D1E-DEAE-451B-AFCF-665B931A17BB}.Release|Any CPU.ActiveCfg = Release|Any CPU
		{AEA63D1E-DEAE-451B-AFCF-665B931A17BB}.Release|Any CPU.Build.0 = Release|Any CPU
		{7A5E36F8-044F-4675-BAB6-DA8B3A2C236B}.Debug|Any CPU.ActiveCfg = Debug|Any CPU
		{7A5E36F8-044F-4675-BAB6-DA8B3A2C236B}.Debug|Any CPU.Build.0 = Debug|Any CPU
		{7A5E36F8-044F-4675-BAB6-DA8B3A2C236B}.Release|Any CPU.ActiveCfg = Release|Any CPU
		{7A5E36F8-044F-4675-BAB6-DA8B3A2C236B}.Release|Any CPU.Build.0 = Release|Any CPU
	EndGlobalSection
	GlobalSection(SolutionProperties) = preSolution
		HideSolutionNode = FALSE
	EndGlobalSection
	GlobalSection(ExtensibilityGlobals) = postSolution
		SolutionGuid = {A57F111C-0F24-4E05-8BFF-745DA79816A9}
	EndGlobalSection
EndGlobal
